
Microsoft Visual Studio Solution File, Format Version 12.00
# Visual Studio Version 16
VisualStudioVersion = 16.0.30309.148
MinimumVisualStudioVersion = 10.0.40219.1
Project("{FAE04EC0-301F-11D3-BF4B-00C04F79EFBC}") = "ParsingApp", "ParsingApp\ParsingApp.csproj", "{F65DD13B-986E-44EB-A798-3B246828E188}"
EndProject
Global
	GlobalSection(SolutionConfigurationPlatforms) = preSolution
		Debug|Any CPU = Debug|Any CPU
		Release|Any CPU = Release|Any CPU
	EndGlobalSection
	GlobalSection(ProjectConfigurationPlatforms) = postSolution
		{F65DD13B-986E-44EB-A798-3B246828E188}.Debug|Any CPU.ActiveCfg = Debug|Any CPU
		{F65DD13B-986E-44EB-A798-3B246828E188}.Debug|Any CPU.Build.0 = Debug|Any CPU
		{F65DD13B-986E-44EB-A798-3B246828E188}.Release|Any CPU.ActiveCfg = Release|Any CPU
		{F65DD13B-986E-44EB-A798-3B246828E188}.Release|Any CPU.Build.0 = Release|Any CPU
	EndGlobalSection
	GlobalSection(SolutionProperties) = preSolution
		HideSolutionNode = FALSE
	EndGlobalSection
	GlobalSection(ExtensibilityGlobals) = postSolution
		SolutionGuid = {151A55D0-F9D9-481C-BDDE-020EE1800F00}
	EndGlobalSection
EndGlobal
